
Microsoft Visual Studio Solution File, Format Version 12.00
# Visual Studio Version 16
VisualStudioVersion = 16.0.29512.175
MinimumVisualStudioVersion = 10.0.40219.1
Project("{9A19103F-16F7-4668-BE54-9A1E7A4F7556}") = "AdventOfCode2019", "AdventOfCode2019\AdventOfCode2019.csproj", "{B0CB2C2A-ADEE-4392-8629-686C1819F1BD}"
EndProject
Project("{9A19103F-16F7-4668-BE54-9A1E7A4F7556}") = "Day1", "Day1\Day1.csproj", "{135FAF70-EB92-4B41-92BD-3239D2B024F3}"
EndProject
Project("{9A19103F-16F7-4668-BE54-9A1E7A4F7556}") = "Shared", "Shared\Shared.csproj", "{53DED025-A12A-44C2-9C59-9C0EE3BEDD49}"
EndProject
Project("{9A19103F-16F7-4668-BE54-9A1E7A4F7556}") = "Day2", "Day2\Day2.csproj", "{50A864B1-3B64-40EE-A98C-CF418E459EDA}"
EndProject
Project("{9A19103F-16F7-4668-BE54-9A1E7A4F7556}") = "Day3", "Day3\Day3.csproj", "{6D4E6369-FA31-4B19-81A5-0D77414B218F}"
EndProject
Project("{FAE04EC0-301F-11D3-BF4B-00C04F79EFBC}") = "Day4", "Day4\Day4.csproj", "{1F531E0D-86E6-4828-AB42-5C4A84AA5F27}"
EndProject
Project("{FAE04EC0-301F-11D3-BF4B-00C04F79EFBC}") = "Day5", "Day5\Day5.csproj", "{EEC26DC8-A189-4245-AE28-525CEE23CD81}"
EndProject
Project("{FAE04EC0-301F-11D3-BF4B-00C04F79EFBC}") = "Day6", "Day6\Day6.csproj", "{0696FD0B-CFBA-4516-9C68-9D1A93C2537D}"
EndProject
Project("{FAE04EC0-301F-11D3-BF4B-00C04F79EFBC}") = "Day7", "Day7\Day7.csproj", "{CC77287D-807E-4902-B39B-D45626422EAC}"
EndProject
Global
	GlobalSection(SolutionConfigurationPlatforms) = preSolution
		Debug|Any CPU = Debug|Any CPU
		Release|Any CPU = Release|Any CPU
	EndGlobalSection
	GlobalSection(ProjectConfigurationPlatforms) = postSolution
		{B0CB2C2A-ADEE-4392-8629-686C1819F1BD}.Debug|Any CPU.ActiveCfg = Debug|Any CPU
		{B0CB2C2A-ADEE-4392-8629-686C1819F1BD}.Debug|Any CPU.Build.0 = Debug|Any CPU
		{B0CB2C2A-ADEE-4392-8629-686C1819F1BD}.Release|Any CPU.ActiveCfg = Release|Any CPU
		{B0CB2C2A-ADEE-4392-8629-686C1819F1BD}.Release|Any CPU.Build.0 = Release|Any CPU
		{135FAF70-EB92-4B41-92BD-3239D2B024F3}.Debug|Any CPU.ActiveCfg = Debug|Any CPU
		{135FAF70-EB92-4B41-92BD-3239D2B024F3}.Debug|Any CPU.Build.0 = Debug|Any CPU
		{135FAF70-EB92-4B41-92BD-3239D2B024F3}.Release|Any CPU.ActiveCfg = Release|Any CPU
		{135FAF70-EB92-4B41-92BD-3239D2B024F3}.Release|Any CPU.Build.0 = Release|Any CPU
		{53DED025-A12A-44C2-9C59-9C0EE3BEDD49}.Debug|Any CPU.ActiveCfg = Debug|Any CPU
		{53DED025-A12A-44C2-9C59-9C0EE3BEDD49}.Debug|Any CPU.Build.0 = Debug|Any CPU
		{53DED025-A12A-44C2-9C59-9C0EE3BEDD49}.Release|Any CPU.ActiveCfg = Release|Any CPU
		{53DED025-A12A-44C2-9C59-9C0EE3BEDD49}.Release|Any CPU.Build.0 = Release|Any CPU
		{50A864B1-3B64-40EE-A98C-CF418E459EDA}.Debug|Any CPU.ActiveCfg = Debug|Any CPU
		{50A864B1-3B64-40EE-A98C-CF418E459EDA}.Debug|Any CPU.Build.0 = Debug|Any CPU
		{50A864B1-3B64-40EE-A98C-CF418E459EDA}.Release|Any CPU.ActiveCfg = Release|Any CPU
		{50A864B1-3B64-40EE-A98C-CF418E459EDA}.Release|Any CPU.Build.0 = Release|Any CPU
		{6D4E6369-FA31-4B19-81A5-0D77414B218F}.Debug|Any CPU.ActiveCfg = Debug|Any CPU
		{6D4E6369-FA31-4B19-81A5-0D77414B218F}.Debug|Any CPU.Build.0 = Debug|Any CPU
		{6D4E6369-FA31-4B19-81A5-0D77414B218F}.Release|Any CPU.ActiveCfg = Release|Any CPU
		{6D4E6369-FA31-4B19-81A5-0D77414B218F}.Release|Any CPU.Build.0 = Release|Any CPU
		{1F531E0D-86E6-4828-AB42-5C4A84AA5F27}.Debug|Any CPU.ActiveCfg = Debug|Any CPU
		{1F531E0D-86E6-4828-AB42-5C4A84AA5F27}.Debug|Any CPU.Build.0 = Debug|Any CPU
		{1F531E0D-86E6-4828-AB42-5C4A84AA5F27}.Release|Any CPU.ActiveCfg = Release|Any CPU
		{1F531E0D-86E6-4828-AB42-5C4A84AA5F27}.Release|Any CPU.Build.0 = Release|Any CPU
		{EEC26DC8-A189-4245-AE28-525CEE23CD81}.Debug|Any CPU.ActiveCfg = Debug|Any CPU
		{EEC26DC8-A189-4245-AE28-525CEE23CD81}.Debug|Any CPU.Build.0 = Debug|Any CPU
		{EEC26DC8-A189-4245-AE28-525CEE23CD81}.Release|Any CPU.ActiveCfg = Release|Any CPU
		{EEC26DC8-A189-4245-AE28-525CEE23CD81}.Release|Any CPU.Build.0 = Release|Any CPU
		{0696FD0B-CFBA-4516-9C68-9D1A93C2537D}.Debug|Any CPU.ActiveCfg = Debug|Any CPU
		{0696FD0B-CFBA-4516-9C68-9D1A93C2537D}.Debug|Any CPU.Build.0 = Debug|Any CPU
		{0696FD0B-CFBA-4516-9C68-9D1A93C2537D}.Release|Any CPU.ActiveCfg = Release|Any CPU
		{0696FD0B-CFBA-4516-9C68-9D1A93C2537D}.Release|Any CPU.Build.0 = Release|Any CPU
		{CC77287D-807E-4902-B39B-D45626422EAC}.Debug|Any CPU.ActiveCfg = Debug|Any CPU
		{CC77287D-807E-4902-B39B-D45626422EAC}.Debug|Any CPU.Build.0 = Debug|Any CPU
		{CC77287D-807E-4902-B39B-D45626422EAC}.Release|Any CPU.ActiveCfg = Release|Any CPU
		{CC77287D-807E-4902-B39B-D45626422EAC}.Release|Any CPU.Build.0 = Release|Any CPU
	EndGlobalSection
	GlobalSection(SolutionProperties) = preSolution
		HideSolutionNode = FALSE
	EndGlobalSection
	GlobalSection(ExtensibilityGlobals) = postSolution
		SolutionGuid = {B41E7F29-42BD-4B49-8985-0F5C0376A990}
	EndGlobalSection
EndGlobal
